
Microsoft Visual Studio Solution File, Format Version 12.00
# Visual Studio 15
VisualStudioVersion = 15.0.28307.271
MinimumVisualStudioVersion = 10.0.40219.1
Project("{FAE04EC0-301F-11D3-BF4B-00C04F79EFBC}") = "ETradeApiV1.Client", "ETradeApiV1.Client\ETradeApiV1.Client.csproj", "{DAD4B2AA-646D-46B5-BC6D-B89848B30D07}"
EndProject
Project("{FAE04EC0-301F-11D3-BF4B-00C04F79EFBC}") = "ETradeApiV1.Sample", "ETradeApiV1.Sample\ETradeApiV1.Sample.csproj", "{7A6FC17D-B4CB-4EC2-94D6-2CD78877786F}"
EndProject
Global
	GlobalSection(SolutionConfigurationPlatforms) = preSolution
		Debug|Any CPU = Debug|Any CPU
		Release|Any CPU = Release|Any CPU
	EndGlobalSection
	GlobalSection(ProjectConfigurationPlatforms) = postSolution
		{DAD4B2AA-646D-46B5-BC6D-B89848B30D07}.Debug|Any CPU.ActiveCfg = Debug|Any CPU
		{DAD4B2AA-646D-46B5-BC6D-B89848B30D07}.Debug|Any CPU.Build.0 = Debug|Any CPU
		{DAD4B2AA-646D-46B5-BC6D-B89848B30D07}.Release|Any CPU.ActiveCfg = Release|Any CPU
		{DAD4B2AA-646D-46B5-BC6D-B89848B30D07}.Release|Any CPU.Build.0 = Release|Any CPU
		{7A6FC17D-B4CB-4EC2-94D6-2CD78877786F}.Debug|Any CPU.ActiveCfg = Debug|Any CPU
		{7A6FC17D-B4CB-4EC2-94D6-2CD78877786F}.Debug|Any CPU.Build.0 = Debug|Any CPU
		{7A6FC17D-B4CB-4EC2-94D6-2CD78877786F}.Release|Any CPU.ActiveCfg = Release|Any CPU
		{7A6FC17D-B4CB-4EC2-94D6-2CD78877786F}.Release|Any CPU.Build.0 = Release|Any CPU
	EndGlobalSection
	GlobalSection(SolutionProperties) = preSolution
		HideSolutionNode = FALSE
	EndGlobalSection
	GlobalSection(ExtensibilityGlobals) = postSolution
		SolutionGuid = {2FD71978-E4A8-47FE-9A1C-6CC9299D3DA1}
	EndGlobalSection
EndGlobal
